protobuf==3.6.1 \
    --hash=sha256:196d3a80f93c537f27d2a19a4fafb826fb4c331b0b99110f985119391d170f96 \
    --hash=sha256:196d3a80f93c537f27d2a19a4fafb826fb4c331b0b99110f985119391d170f96 \
    --hash=sha256:196d3a80f93c537f27d2a19a4fafb826fb4c331b0b99110f985119391d170f96 \
    --hash=sha256:5ef574ee845fc9735f5aebc69a23eb8619b8c300351f63ec85102e22a92f70b6 \
    --hash=sha256:acc224c05f76609340766cc5b0a4140dbea3c5c5645a4cc1cc72b1eca5b74743 \
    --hash=sha256:c8a8c1528da4457070c755e3e465bb881ca5a45de9dab2f66b54ecada214a03c
setuptools==75.6.0 \
    --hash=sha256:95e7b6c4ee1eb64afe479ba9f0c89ef4fb8e0da33319d829ecb2ad1dcd131dfd \
    --hash=sha256:ce74b49e8f7110f9bf04883b730f4765b774ef3ef28f722cce7c273d253aaf7d
    # via protobuf
six==1.10.0 \
    --hash=sha256:0ff78c403d9bccf5a425a6d31a12aa6b47f1c21ca4dc2573a7e2f32a97335eb1 \
    --hash=sha256:0ff78c403d9bccf5a425a6d31a12aa6b47f1c21ca4dc2573a7e2f32a97335eb1 \
    --hash=sha256:0ff78c403d9bccf5a425a6d31a12aa6b47f1c21ca4dc2573a7e2f32a97335eb1 \
    --hash=sha256:0ff78c403d9bccf5a425a6d31a12aa6b47f1c21ca4dc2573a7e2f32a97335eb1 \
    --hash=sha256:0ff78c403d9bccf5a425a6d31a12aa6b47f1c21ca4dc2573a7e2f32a97335eb1 \
    --hash=sha256:0ff78c403d9bccf5a425a6d31a12aa6b47f1c21ca4dc2573a7e2f32a97335eb1 \
    --hash=sha256:0ff78c403d9bccf5a425a6d31a12aa6b47f1c21ca4dc2573a7e2f32a97335eb1 \
    --hash=sha256:0ff78c403d9bccf5a425a6d31a12aa6b47f1c21ca4dc2573a7e2f32a97335eb1 \
    --hash=sha256:0ff78c403d9bccf5a425a6d31a12aa6b47f1c21ca4dc2573a7e2f32a97335eb1 \
    --hash=sha256:0ff78c403d9bccf5a425a6d31a12aa6b47f1c21ca4dc2573a7e2f32a97335eb1 \
    --hash=sha256:1a3f0e2946fdd0c94e7bdb9288cf8b1ccd1faeb0fc02f83e9d296ad176fa8687 \
    --hash=sha256:1a3f0e2946fdd0c94e7bdb9288cf8b1ccd1faeb0fc02f83e9d296ad176fa8687 \
    --hash=sha256:41bba6815b017013f5960ece16028d9dc80e1012a0e3e9fd45c3dde95b9f37cf
    # via protobuf
